{
  "name": "nirzaf.github.io",
  "lockfileVersion": 2,
  "requires": true,
  "packages": {
    "": {
      "dependencies": {
        "jquery.marquee": "^1.6.0"
      }
    },
    "node_modules/jquery.marquee": {
      "version": "1.6.0",
      "resolved": "https://registry.npmjs.org/jquery.marquee/-/jquery.marquee-1.6.0.tgz",
      "integrity": "sha512-C4rQRivGRN5u259apY7+BvUcmWbVqgKIW5TjkRx0IBqRkfW07p8pf6J9iYrsw+thx78Pi5OGDmNF6IVdLRTXgg=="
    }
  },
  "dependencies": {
    "jquery.marquee": {
      "version": "1.6.0",
      "resolved": "https://registry.npmjs.org/jquery.marquee/-/jquery.marquee-1.6.0.tgz",
      "integrity": "sha512-C4rQRivGRN5u259apY7+BvUcmWbVqgKIW5TjkRx0IBqRkfW07p8pf6J9iYrsw+thx78Pi5OGDmNF6IVdLRTXgg=="
    }
  }
}
